# THIS IS AN AUTOGENERATED FILE. DO NOT EDIT THIS FILE DIRECTLY.
# yarn lockfile v1


create-tauri-app-darwin-arm64@2.6.5:
  version "2.6.5"
  resolved "https://registry.yarnpkg.com/create-tauri-app-darwin-arm64/-/create-tauri-app-darwin-arm64-2.6.5.tgz#c7c22743fa003df7709fea02342600400c58899e"
  integrity sha512-NaW392hxnb2IzSh9LW5qUpn/FW3AuFeV4KwnDlY/9LDs0hg5jQlquTBvq6ce/AY2ykizVYqNxJgkdrWF85vdfA==

create-tauri-app-darwin-x64@2.6.5:
  version "2.6.5"
  resolved "https://registry.yarnpkg.com/create-tauri-app-darwin-x64/-/create-tauri-app-darwin-x64-2.6.5.tgz#368d695687d13bea10b84d3548a5a39976c97c3f"
  integrity sha512-dTiBkfsgLuZoxOxYfHOwpyQv4ZKrlo1YaXUSXNuXnPw0Zpi6IkVM1eTC2K+nP2JU9jfq5ODF4hSN9rAeZbBVBw==

create-tauri-app-linux-arm-gnueabihf@2.6.5:
  version "2.6.5"
  resolved "https://registry.yarnpkg.com/create-tauri-app-linux-arm-gnueabihf/-/create-tauri-app-linux-arm-gnueabihf-2.6.5.tgz#8735ea60c693d39708d195e9564dc1f4f046a3ce"
  integrity sha512-ncB1XaH/eiA6/PgA/6GnseSDd87A6ECKkhd2E4tNmItyhBGo8J4YZOCU6PEDb6wbfzGC3z7u6xzBDPBWm3yG5g==

create-tauri-app-linux-arm64-gnu@2.6.5:
  version "2.6.5"
  resolved "https://registry.yarnpkg.com/create-tauri-app-linux-arm64-gnu/-/create-tauri-app-linux-arm64-gnu-2.6.5.tgz#2407318d571114db296490c8abba5e1d14d275cf"
  integrity sha512-t0NmEoC2+JokJDkKEIguGUvs3e/AzBI9zcFgBD1meb4fvkEXvlpz4xJaGX118PnAqOCxeXnZ+KRE5ThxnSS+Mg==

create-tauri-app-linux-arm64-musl@2.6.5:
  version "2.6.5"
  resolved "https://registry.yarnpkg.com/create-tauri-app-linux-arm64-musl/-/create-tauri-app-linux-arm64-musl-2.6.5.tgz#679b878a71f23c083b36cee9a9f71433a3f90087"
  integrity sha512-XqlOdKiNLt0sXqd0R1PoyszW5vUZQi0dZmfr5ovI0JbbPGLZcQ0OtnceeXeslGrWrhOTHU7pUUIvujHa8ik0DQ==

create-tauri-app-linux-x64-gnu@2.6.5:
  version "2.6.5"
  resolved "https://registry.yarnpkg.com/create-tauri-app-linux-x64-gnu/-/create-tauri-app-linux-x64-gnu-2.6.5.tgz#e23750c6e82026edd92d24cec1b1da1ee3f1d1e7"
  integrity sha512-F6oVOJssKQWkrUI1yGw9iJrSsuXMuLdezXxfJHJZCAXHAOLVi+iiUlb/H3YMfKEAnFB7hydMN+sdt3KiTtww8Q==

create-tauri-app-linux-x64-musl@2.6.5:
  version "2.6.5"
  resolved "https://registry.yarnpkg.com/create-tauri-app-linux-x64-musl/-/create-tauri-app-linux-x64-musl-2.6.5.tgz#2e468bfc8334560ca6af3127a3020fca75d5856e"
  integrity sha512-gH+VeK2aDdvOt0UtLrolOKu3JkaR19pnVtvAAveYZgeq7bKjKSgxa4KnDytvZh3Ju9uJRimBKgRvJ64QPqB7RA==

create-tauri-app-win32-ia32-msvc@2.6.5:
  version "2.6.5"
  resolved "https://registry.yarnpkg.com/create-tauri-app-win32-ia32-msvc/-/create-tauri-app-win32-ia32-msvc-2.6.5.tgz#0886150fec788db6e3d3a7945809bd3d601d78cd"
  integrity sha512-dB/zS91v763c8Q8sFhNhaDVYh9YDHObhErybXC1mk7RH5FstloJnHSu448slXM+/svjE5lw+qBd1XjF6BEVpsA==

create-tauri-app-win32-x64-msvc@2.6.5:
  version "2.6.5"
  resolved "https://registry.yarnpkg.com/create-tauri-app-win32-x64-msvc/-/create-tauri-app-win32-x64-msvc-2.6.5.tgz#fc5d5485d29c8b7b92e0d5bd59bf57a93339778d"
  integrity sha512-+IeSLTtwLXxdErBpqGiwjbOEISgIW703GRmAe0em9ux3Pt3RuA0wD6/w6WwIL2yOgxnQ+mfISjvAEeoChcHaDw==

create-tauri-app@^2.6.5:
  version "2.6.5"
  resolved "https://registry.yarnpkg.com/create-tauri-app/-/create-tauri-app-2.6.5.tgz#a22bcd82418b64c943f7b098d0dcb739a7a26b7f"
  integrity sha512-CqKwtSIu8WYMkdZ20bzEmPJixXfJ6f3qYrqZ8RybqMT9Qb2A3XLaPzrt4U6fqWJvwXKDivtGlFnKw6G61mR8nA==
  optionalDependencies:
    create-tauri-app-darwin-arm64 "2.6.5"
    create-tauri-app-darwin-x64 "2.6.5"
    create-tauri-app-linux-arm-gnueabihf "2.6.5"
    create-tauri-app-linux-arm64-gnu "2.6.5"
    create-tauri-app-linux-arm64-musl "2.6.5"
    create-tauri-app-linux-x64-gnu "2.6.5"
    create-tauri-app-linux-x64-musl "2.6.5"
    create-tauri-app-win32-ia32-msvc "2.6.5"
    create-tauri-app-win32-x64-msvc "2.6.5"
